// !$*UTF8*$!
{
	archiveVersion = 1;
	classes = {
	};
	objectVersion = 46;
	objects = {

/* Begin PBXBuildFile section */
		94503D531D80208A00A28D05 /* main.m in Sources */ = {isa = PBXBuildFile; fileRef = 94503D521D80208A00A28D05 /* main.m */; };
		94503D561D80208A00A28D05 /* AppDelegate.m in Sources */ = {isa = PBXBuildFile; fileRef = 94503D551D80208A00A28D05 /* AppDelegate.m */; };
		94503D591D80208A00A28D05 /* ViewController.m in Sources */ = {isa = PBXBuildFile; fileRef = 94503D581D80208A00A28D05 /* ViewController.m */; };
		94503D5C1D80208A00A28D05 /* Main.storyboard in Resources */ = {isa = PBXBuildFile; fileRef = 94503D5A1D80208A00A28D05 /* Main.storyboard */; };
		94503D5E1D80208A00A28D05 /* Assets.xcassets in Resources */ = {isa = PBXBuildFile; fileRef = 94503D5D1D80208A00A28D05 /* Assets.xcassets */; };
		94503D611D80208A00A28D05 /* LaunchScreen.storyboard in Resources */ = {isa = PBXBuildFile; fileRef = 94503D5F1D80208A00A28D05 /* LaunchScreen.storyboard */; };
		94503D6C1D80208A00A28D05 /* eShieldDemoTests.m in Sources */ = {isa = PBXBuildFile; fileRef = 94503D6B1D80208A00A28D05 /* eShieldDemoTests.m */; };
		94503D771D80208A00A28D05 /* eShieldDemoUITests.m in Sources */ = {isa = PBXBuildFile; fileRef = 94503D761D80208A00A28D05 /* eShieldDemoUITests.m */; };
		94503D851D8039FC00A28D05 /* CoreTelephony.framework in Frameworks */ = {isa = PBXBuildFile; fileRef = 94503D841D8039FC00A28D05 /* CoreTelephony.framework */; };
/* End PBXBuildFile section */

/* Begin PBXContainerItemProxy section */
		94503D681D80208A00A28D05 /* PBXContainerItemProxy */ = {
			isa = PBXContainerItemProxy;
			containerPortal = 94503D461D80208A00A28D05 /* Project object */;
			proxyType = 1;
			remoteGlobalIDString = 94503D4D1D80208A00A28D05;
			remoteInfo = eShieldDemo;
		};
		94503D731D80208A00A28D05 /* PBXContainerItemProxy */ = {
			isa = PBXContainerItemProxy;
			containerPortal = 94503D461D80208A00A28D05 /* Project object */;
			proxyType = 1;
			remoteGlobalIDString = 94503D4D1D80208A00A28D05;
			remoteInfo = eShieldDemo;
		};
/* End PBXContainerItemProxy section */

/* Begin PBXFileReference section */
		94503D4E1D80208A00A28D05 /* eShieldDemo.app */ = {isa = PBXFileReference; explicitFileType = wrapper.application; includeInIndex = 0; path = eShieldDemo.app; sourceTree = BUILT_PRODUCTS_DIR; };
		94503D521D80208A00A28D05 /* main.m */ = {isa = PBXFileReference; lastKnownFileType = sourcecode.c.objc; path = main.m; sourceTree = "<group>"; };
		94503D541D80208A00A28D05 /* AppDelegate.h */ = {isa = PBXFileReference; lastKnownFileType = sourcecode.c.h; path = AppDelegate.h; sourceTree = "<group>"; };
		94503D551D80208A00A28D05 /* AppDelegate.m */ = {isa = PBXFileReference; lastKnownFileType = sourcecode.c.objc; path = AppDelegate.m; sourceTree = "<group>"; };
		94503D571D80208A00A28D05 /* ViewController.h */ = {isa = PBXFileReference; lastKnownFileType = sourcecode.c.h; path = ViewController.h; sourceTree = "<group>"; };
		94503D581D80208A00A28D05 /* ViewController.m */ = {isa = PBXFileReference; lastKnownFileType = sourcecode.c.objc; path = ViewController.m; sourceTree = "<group>"; };
		94503D5B1D80208A00A28D05 /* Base */ = {isa = PBXFileReference; lastKnownFileType = file.storyboard; name = Base; path = Base.lproj/Main.storyboard; sourceTree = "<group>"; };
		94503D5D1D80208A00A28D05 /* Assets.xcassets */ = {isa = PBXFileReference; lastKnownFileType = folder.assetcatalog; path = Assets.xcassets; sourceTree = "<group>"; };
		94503D601D80208A00A28D05 /* Base */ = {isa = PBXFileReference; lastKnownFileType = file.storyboard; name = Base; path = Base.lproj/LaunchScreen.storyboard; sourceTree = "<group>"; };
		94503D621D80208A00A28D05 /* Info.plist */ = {isa = PBXFileReference; lastKnownFileType = text.plist.xml; path = Info.plist; sourceTree = "<group>"; };
		94503D671D80208A00A28D05 /* eShieldDemoTests.xctest */ = {isa = PBXFileReference; explicitFileType = wrapper.cfbundle; includeInIndex = 0; path = eShieldDemoTests.xctest; sourceTree = BUILT_PRODUCTS_DIR; };
		94503D6B1D80208A00A28D05 /* eShieldDemoTests.m */ = {isa = PBXFileReference; lastKnownFileType = sourcecode.c.objc; path = eShieldDemoTests.m; sourceTree = "<group>"; };
		94503D6D1D80208A00A28D05 /* Info.plist */ = {isa = PBXFileReference; lastKnownFileType = text.plist.xml; path = Info.plist; sourceTree = "<group>"; };
		94503D721D80208A00A28D05 /* eShieldDemoUITests.xctest */ = {isa = PBXFileReference; explicitFileType = wrapper.cfbundle; includeInIndex = 0; path = eShieldDemoUITests.xctest; sourceTree = BUILT_PRODUCTS_DIR; };
		94503D761D80208A00A28D05 /* eShieldDemoUITests.m */ = {isa = PBXFileReference; lastKnownFileType = sourcecode.c.objc; path = eShieldDemoUITests.m; sourceTree = "<group>"; };
		94503D781D80208A00A28D05 /* Info.plist */ = {isa = PBXFileReference; lastKnownFileType = text.plist.xml; path = Info.plist; sourceTree = "<group>"; };
		94503D841D8039FC00A28D05 /* CoreTelephony.framework */ = {isa = PBXFileReference; lastKnownFileType = wrapper.framework; name = CoreTelephony.framework; path = System/Library/Frameworks/CoreTelephony.framework; sourceTree = SDKROOT; };
		94D5DCEE1D82CC9B005B6A7F /* CoreTelephony.h */ = {isa = PBXFileReference; lastKnownFileType = sourcecode.c.h; path = CoreTelephony.h; sourceTree = "<group>"; };
/* End PBXFileReference section */

/* Begin PBXFrameworksBuildPhase section */
		94503D4B1D80208A00A28D05 /* Frameworks */ = {
			isa = PBXFrameworksBuildPhase;
			buildActionMask = 2147483647;
			files = (
				94503D851D8039FC00A28D05 /* CoreTelephony.framework in Frameworks */,
			);
			runOnlyForDeploymentPostprocessing = 0;
		};
		94503D641D80208A00A28D05 /* Frameworks */ = {
			isa = PBXFrameworksBuildPhase;
			buildActionMask = 2147483647;
			files = (
			);
			runOnlyForDeploymentPostprocessing = 0;
		};
		94503D6F1D80208A00A28D05 /* Frameworks */ = {
			isa = PBXFrameworksBuildPhase;
			buildActionMask = 2147483647;
			files = (
			);
			runOnlyForDeploymentPostprocessing = 0;
		};
/* End PBXFrameworksBuildPhase section */

/* Begin PBXGroup section */
		94503D451D80208A00A28D05 = {
			isa = PBXGroup;
			children = (
				94503D841D8039FC00A28D05 /* CoreTelephony.framework */,
				94503D501D80208A00A28D05 /* eShieldDemo */,
				94503D6A1D80208A00A28D05 /* eShieldDemoTests */,
				94503D751D80208A00A28D05 /* eShieldDemoUITests */,
				94503D4F1D80208A00A28D05 /* Products */,
			);
			sourceTree = "<group>";
		};
		94503D4F1D80208A00A28D05 /* Products */ = {
			isa = PBXGroup;
			children = (
				94503D4E1D80208A00A28D05 /* eShieldDemo.app */,
				94503D671D80208A00A28D05 /* eShieldDemoTests.xctest */,
				94503D721D80208A00A28D05 /* eShieldDemoUITests.xctest */,
			);
			name = Products;
			sourceTree = "<group>";
		};
		94503D501D80208A00A28D05 /* eShieldDemo */ = {
			isa = PBXGroup;
			children = (
				94503D541D80208A00A28D05 /* AppDelegate.h */,
				94503D551D80208A00A28D05 /* AppDelegate.m */,
				94503D571D80208A00A28D05 /* ViewController.h */,
				94503D581D80208A00A28D05 /* ViewController.m */,
				94D5DCEE1D82CC9B005B6A7F /* CoreTelephony.h */,
				94503D5A1D80208A00A28D05 /* Main.storyboard */,
				94503D5D1D80208A00A28D05 /* Assets.xcassets */,
				94503D5F1D80208A00A28D05 /* LaunchScreen.storyboard */,
				94503D621D80208A00A28D05 /* Info.plist */,
				94503D511D80208A00A28D05 /* Supporting Files */,
			);
			path = eShieldDemo;
			sourceTree = "<group>";
		};
		94503D511D80208A00A28D05 /* Supporting Files */ = {
			isa = PBXGroup;
			children = (
				94503D521D80208A00A28D05 /* main.m */,
			);
			name = "Supporting Files";
			sourceTree = "<group>";
		};
		94503D6A1D80208A00A28D05 /* eShieldDemoTests */ = {
			isa = PBXGroup;
			children = (
				94503D6B1D80208A00A28D05 /* eShieldDemoTests.m */,
				94503D6D1D80208A00A28D05 /* Info.plist */,
			);
			path = eShieldDemoTests;
			sourceTree = "<group>";
		};
		94503D751D80208A00A28D05 /* eShieldDemoUITests */ = {
			isa = PBXGroup;
			children = (
				94503D761D80208A00A28D05 /* eShieldDemoUITests.m */,
				94503D781D80208A00A28D05 /* Info.plist */,
			);
			path = eShieldDemoUITests;
			sourceTree = "<group>";
		};
/* End PBXGroup section */

/* Begin PBXNativeTarget section */
		94503D4D1D80208A00A28D05 /* eShieldDemo */ = {
			isa = PBXNativeTarget;
			buildConfigurationList = 94503D7B1D80208A00A28D05 /* Build configuration list for PBXNativeTarget "eShieldDemo" */;
			buildPhases = (
				94503D4A1D80208A00A28D05 /* Sources */,
				94503D4B1D80208A00A28D05 /* Frameworks */,
				94503D4C1D80208A00A28D05 /* Resources */,
			);
			buildRules = (
			);
			dependencies = (
			);
			name = eShieldDemo;
			productName = eShieldDemo;
			productReference = 94503D4E1D80208A00A28D05 /* eShieldDemo.app */;
			productType = "com.apple.product-type.application";
		};
		94503D661D80208A00A28D05 /* eShieldDemoTests */ = {
			isa = PBXNativeTarget;
			buildConfigurationList = 94503D7E1D80208A00A28D05 /* Build configuration list for PBXNativeTarget "eShieldDemoTests" */;
			buildPhases = (
				94503D631D80208A00A28D05 /* Sources */,
				94503D641D80208A00A28D05 /* Frameworks */,
				94503D651D80208A00A28D05 /* Resources */,
			);
			buildRules = (
			);
			dependencies = (
				94503D691D80208A00A28D05 /* PBXTargetDependency */,
			);
			name = eShieldDemoTests;
			productName = eShieldDemoTests;
			productReference = 94503D671D80208A00A28D05 /* eShieldDemoTests.xctest */;
			productType = "com.apple.product-type.bundle.unit-test";
		};
		94503D711D80208A00A28D05 /* eShieldDemoUITests */ = {
			isa = PBXNativeTarget;
			buildConfigurationList = 94503D811D80208A00A28D05 /* Build configuration list for PBXNativeTarget "eShieldDemoUITests" */;
			buildPhases = (
				94503D6E1D80208A00A28D05 /* Sources */,
				94503D6F1D80208A00A28D05 /* Frameworks */,
				94503D701D80208A00A28D05 /* Resources */,
			);
			buildRules = (
			);
			dependencies = (
				94503D741D80208A00A28D05 /* PBXTargetDependency */,
			);
			name = eShieldDemoUITests;
			productName = eShieldDemoUITests;
			productReference = 94503D721D80208A00A28D05 /* eShieldDemoUITests.xctest */;
			productType = "com.apple.product-type.bundle.ui-testing";
		};
/* End PBXNativeTarget section */

/* Begin PBXProject section */
		94503D461D80208A00A28D05 /* Project object */ = {
			isa = PBXProject;
			attributes = {
				LastUpgradeCheck = 0730;
				ORGANIZATIONNAME = FFT;
				TargetAttributes = {
					94503D4D1D80208A00A28D05 = {
						CreatedOnToolsVersion = 7.3;
						DevelopmentTeam = L4BT67DB2U;
					};
					94503D661D80208A00A28D05 = {
						CreatedOnToolsVersion = 7.3;
						TestTargetID = 94503D4D1D80208A00A28D05;
					};
					94503D711D80208A00A28D05 = {
						CreatedOnToolsVersion = 7.3;
						TestTargetID = 94503D4D1D80208A00A28D05;
					};
				};
			};
			buildConfigurationList = 94503D491D80208A00A28D05 /* Build configuration list for PBXProject "eShieldDemo" */;
			compatibilityVersion = "Xcode 3.2";
			developmentRegion = English;
			hasScannedForEncodings = 0;
			knownRegions = (
				en,
				Base,
			);
			mainGroup = 94503D451D80208A00A28D05;
			productRefGroup = 94503D4F1D80208A00A28D05 /* Products */;
			projectDirPath = "";
			projectRoot = "";
			targets = (
				94503D4D1D80208A00A28D05 /* eShieldDemo */,
				94503D661D80208A00A28D05 /* eShieldDemoTests */,
				94503D711D80208A00A28D05 /* eShieldDemoUITests */,
			);
		};
/* End PBXProject section */

/* Begin PBXResourcesBuildPhase section */
		94503D4C1D80208A00A28D05 /* Resources */ = {
			isa = PBXResourcesBuildPhase;
			buildActionMask = 2147483647;
			files = (
				94503D611D80208A00A28D05 /* LaunchScreen.storyboard in Resources */,
				94503D5E1D80208A00A28D05 /* Assets.xcassets in Resources */,
				94503D5C1D80208A00A28D05 /* Main.storyboard in Resources */,
			);
			runOnlyForDeploymentPostprocessing = 0;
		};
		94503D651D80208A00A28D05 /* Resources */ = {
			isa = PBXResourcesBuildPhase;
			buildActionMask = 2147483647;
			files = (
			);
			runOnlyForDeploymentPostprocessing = 0;
		};
		94503D701D80208A00A28D05 /* Resources */ = {
			isa = PBXResourcesBuildPhase;
			buildActionMask = 2147483647;
			files = (
			);
			runOnlyForDeploymentPostprocessing = 0;
		};
/* End PBXResourcesBuildPhase section */

/* Begin PBXSourcesBuildPhase section */
		94503D4A1D80208A00A28D05 /* Sources */ = {
			isa = PBXSourcesBuildPhase;
			buildActionMask = 2147483647;
			files = (
				94503D591D80208A00A28D05 /* ViewController.m in Sources */,
				94503D561D80208A00A28D05 /* AppDelegate.m in Sources */,
				94503D531D80208A00A28D05 /* main.m in Sources */,
			);
			runOnlyForDeploymentPostprocessing = 0;
		};
		94503D631D80208A00A28D05 /* Sources */ = {
			isa = PBXSourcesBuildPhase;
			buildActionMask = 2147483647;
			files = (
				94503D6C1D80208A00A28D05 /* eShieldDemoTests.m in Sources */,
			);
			runOnlyForDeploymentPostprocessing = 0;
		};
		94503D6E1D80208A00A28D05 /* Sources */ = {
			isa = PBXSourcesBuildPhase;
			buildActionMask = 2147483647;
			files = (
				94503D771D80208A00A28D05 /* eShieldDemoUITests.m in Sources */,
			);
			runOnlyForDeploymentPostprocessing = 0;
		};
/* End PBXSourcesBuildPhase section */

/* Begin PBXTargetDependency section */
		94503D691D80208A00A28D05 /* PBXTargetDependency */ = {
			isa = PBXTargetDependency;
			target = 94503D4D1D80208A00A28D05 /* eShieldDemo */;
			targetProxy = 94503D681D80208A00A28D05 /* PBXContainerItemProxy */;
		};
		94503D741D80208A00A28D05 /* PBXTargetDependency */ = {
			isa = PBXTargetDependency;
			target = 94503D4D1D80208A00A28D05 /* eShieldDemo */;
			targetProxy = 94503D731D80208A00A28D05 /* PBXContainerItemProxy */;
		};
/* End PBXTargetDependency section */

/* Begin PBXVariantGroup section */
		94503D5A1D80208A00A28D05 /* Main.storyboard */ = {
			isa = PBXVariantGroup;
			children = (
				94503D5B1D80208A00A28D05 /* Base */,
			);
			name = Main.storyboard;
			sourceTree = "<group>";
		};
		94503D5F1D80208A00A28D05 /* LaunchScreen.storyboard */ = {
			isa = PBXVariantGroup;
			children = (
				94503D601D80208A00A28D05 /* Base */,
			);
			name = LaunchScreen.storyboard;
			sourceTree = "<group>";
		};
/* End PBXVariantGroup section */

/* Begin XCBuildConfiguration section */
		94503D791D80208A00A28D05 /* Debug */ = {
			isa = XCBuildConfiguration;
			buildSettings = {
				ALWAYS_SEARCH_USER_PATHS = NO;
				CLANG_ANALYZER_NONNULL = YES;
				CLANG_CXX_LANGUAGE_STANDARD = "gnu++0x";
				CLANG_CXX_LIBRARY = "libc++";
				CLANG_ENABLE_MODULES = YES;
				CLANG_ENABLE_OBJC_ARC = YES;
				CLANG_WARN_BOOL_CONVERSION = YES;
				CLANG_WARN_CONSTANT_CONVERSION = YES;
				CLANG_WARN_DIRECT_OBJC_ISA_USAGE = YES_ERROR;
				CLANG_WARN_EMPTY_BODY = YES;
				CLANG_WARN_ENUM_CONVERSION = YES;
				CLANG_WARN_INT_CONVERSION = YES;
				CLANG_WARN_OBJC_ROOT_CLASS = YES_ERROR;
				CLANG_WARN_UNREACHABLE_CODE = YES;
				CLANG_WARN__DUPLICATE_METHOD_MATCH = YES;
				"CODE_SIGN_IDENTITY[sdk=iphoneos*]" = "iPhone Developer";
				COPY_PHASE_STRIP = NO;
				DEBUG_INFORMATION_FORMAT = dwarf;
				ENABLE_STRICT_OBJC_MSGSEND = YES;
				ENABLE_TESTABILITY = YES;
				GCC_C_LANGUAGE_STANDARD = gnu99;
				GCC_DYNAMIC_NO_PIC = NO;
				GCC_NO_COMMON_BLOCKS = YES;
				GCC_OPTIMIZATION_LEVEL = 0;
				GCC_PREPROCESSOR_DEFINITIONS = (
					"DEBUG=1",
					"$(inherited)",
				);
				GCC_WARN_64_TO_32_BIT_CONVERSION = YES;
				GCC_WARN_ABOUT_RETURN_TYPE = YES_ERROR;
				GCC_WARN_UNDECLARED_SELECTOR = YES;
				GCC_WARN_UNINITIALIZED_AUTOS = YES_AGGRESSIVE;
				GCC_WARN_UNUSED_FUNCTION = YES;
				GCC_WARN_UNUSED_VARIABLE = YES;
				IPHONEOS_DEPLOYMENT_TARGET = 9.3;
				MTL_ENABLE_DEBUG_INFO = YES;
				ONLY_ACTIVE_ARCH = YES;
				SDKROOT = iphoneos;
			};
			name = Debug;
		};
		94503D7A1D80208A00A28D05 /* Release */ = {
			isa = XCBuildConfiguration;
			buildSettings = {
				ALWAYS_SEARCH_USER_PATHS = NO;
				CLANG_ANALYZER_NONNULL = YES;
				CLANG_CXX_LANGUAGE_STANDARD = "gnu++0x";
				CLANG_CXX_LIBRARY = "libc++";
				CLANG_ENABLE_MODULES = YES;
				CLANG_ENABLE_OBJC_ARC = YES;
				CLANG_WARN_BOOL_CONVERSION = YES;
				CLANG_WARN_CONSTANT_CONVERSION = YES;
				CLANG_WARN_DIRECT_OBJC_ISA_USAGE = YES_ERROR;
				CLANG_WARN_EMPTY_BODY = YES;
				CLANG_WARN_ENUM_CONVERSION = YES;
				CLANG_WARN_INT_CONVERSION = YES;
				CLANG_WARN_OBJC_ROOT_CLASS = YES_ERROR;
				CLANG_WARN_UNREACHABLE_CODE = YES;
				CLANG_WARN__DUPLICATE_METHOD_MATCH = YES;
				"CODE_SIGN_IDENTITY[sdk=iphoneos*]" = "iPhone Developer";
				COPY_PHASE_STRIP = NO;
				DEBUG_INFORMATION_FORMAT = "dwarf-with-dsym";
				ENABLE_NS_ASSERTIONS = NO;
				ENABLE_STRICT_OBJC_MSGSEND = YES;
				GCC_C_LANGUAGE_STANDARD = gnu99;
				GCC_NO_COMMON_BLOCKS = YES;
				GCC_WARN_64_TO_32_BIT_CONVERSION = YES;
				GCC_WARN_ABOUT_RETURN_TYPE = YES_ERROR;
				GCC_WARN_UNDECLARED_SELECTOR = YES;
				GCC_WARN_UNINITIALIZED_AUTOS = YES_AGGRESSIVE;
				GCC_WARN_UNUSED_FUNCTION = YES;
				GCC_WARN_UNUSED_VARIABLE = YES;
				IPHONEOS_DEPLOYMENT_TARGET = 9.3;
				MTL_ENABLE_DEBUG_INFO = NO;
				SDKROOT = iphoneos;
				VALIDATE_PRODUCT = YES;
			};
			name = Release;
		};
		94503D7C1D80208A00A28D05 /* Debug */ = {
			isa = XCBuildConfiguration;
			buildSettings = {
				ASSETCATALOG_COMPILER_APPICON_NAME = AppIcon;
				CODE_SIGN_IDENTITY = "iPhone Developer";
				"CODE_SIGN_IDENTITY[sdk=iphoneos*]" = "iPhone Developer";
				DEVELOPMENT_TEAM = L4BT67DB2U;
				INFOPLIST_FILE = eShieldDemo/Info.plist;
				IPHONEOS_DEPLOYMENT_TARGET = 7.0;
				LD_RUNPATH_SEARCH_PATHS = "$(inherited) @executable_path/Frameworks";
				PRODUCT_BUNDLE_IDENTIFIER = com.base.commonBank;
				PRODUCT_NAME = "$(TARGET_NAME)";
				PROVISIONING_PROFILE = "";
			};
			name = Debug;
		};
		94503D7D1D80208A00A28D05 /* Release */ = {
			isa = XCBuildConfiguration;
			buildSettings = {
				ASSETCATALOG_COMPILER_APPICON_NAME = AppIcon;
				CODE_SIGN_IDENTITY = "iPhone Developer";
				"CODE_SIGN_IDENTITY[sdk=iphoneos*]" = "iPhone Developer";
				DEVELOPMENT_TEAM = L4BT67DB2U;
				INFOPLIST_FILE = eShieldDemo/Info.plist;
				IPHONEOS_DEPLOYMENT_TARGET = 7.0;
				LD_RUNPATH_SEARCH_PATHS = "$(inherited) @executable_path/Frameworks";
				PRODUCT_BUNDLE_IDENTIFIER = com.base.commonBank;
				PRODUCT_NAME = "$(TARGET_NAME)";
				PROVISIONING_PROFILE = "";
			};
			name = Release;
		};
		94503D7F1D80208A00A28D05 /* Debug */ = {
			isa = XCBuildConfiguration;
			buildSettings = {
				BUNDLE_LOADER = "$(TEST_HOST)";
				INFOPLIST_FILE = eShieldDemoTests/Info.plist;
				LD_RUNPATH_SEARCH_PATHS = "$(inherited) @executable_path/Frameworks @loader_path/Frameworks";
				PRODUCT_BUNDLE_IDENTIFIER = "com.basehuang.-.eShieldDemoTests";
				PRODUCT_NAME = "$(TARGET_NAME)";
				TEST_HOST = "$(BUILT_PRODUCTS_DIR)/eShieldDemo.app/eShieldDemo";
			};
			name = Debug;
		};
		94503D801D80208A00A28D05 /* Release */ = {
			isa = XCBuildConfiguration;
			buildSettings = {
				BUNDLE_LOADER = "$(TEST_HOST)";
				INFOPLIST_FILE = eShieldDemoTests/Info.plist;
				LD_RUNPATH_SEARCH_PATHS = "$(inherited) @executable_path/Frameworks @loader_path/Frameworks";
				PRODUCT_BUNDLE_IDENTIFIER = "com.basehuang.-.eShieldDemoTests";
				PRODUCT_NAME = "$(TARGET_NAME)";
				TEST_HOST = "$(BUILT_PRODUCTS_DIR)/eShieldDemo.app/eShieldDemo";
			};
			name = Release;
		};
		94503D821D80208A00A28D05 /* Debug */ = {
			isa = XCBuildConfiguration;
			buildSettings = {
				INFOPLIST_FILE = eShieldDemoUITests/Info.plist;
				LD_RUNPATH_SEARCH_PATHS = "$(inherited) @executable_path/Frameworks @loader_path/Frameworks";
				PRODUCT_BUNDLE_IDENTIFIER = "com.basehuang.-.eShieldDemoUITests";
				PRODUCT_NAME = "$(TARGET_NAME)";
				TEST_TARGET_NAME = eShieldDemo;
			};
			name = Debug;
		};
		94503D831D80208A00A28D05 /* Release */ = {
			isa = XCBuildConfiguration;
			buildSettings = {
				INFOPLIST_FILE = eShieldDemoUITests/Info.plist;
				LD_RUNPATH_SEARCH_PATHS = "$(inherited) @executable_path/Frameworks @loader_path/Frameworks";
				PRODUCT_BUNDLE_IDENTIFIER = "com.basehuang.-.eShieldDemoUITests";
				PRODUCT_NAME = "$(TARGET_NAME)";
				TEST_TARGET_NAME = eShieldDemo;
			};
			name = Release;
		};
/* End XCBuildConfiguration section */

/* Begin XCConfigurationList section */
		94503D491D80208A00A28D05 /* Build configuration list for PBXProject "eShieldDemo" */ = {
			isa = XCConfigurationList;
			buildConfigurations = (
				94503D791D80208A00A28D05 /* Debug */,
				94503D7A1D80208A00A28D05 /* Release */,
			);
			defaultConfigurationIsVisible = 0;
			defaultConfigurationName = Release;
		};
		94503D7B1D80208A00A28D05 /* Build configuration list for PBXNativeTarget "eShieldDemo" */ = {
			isa = XCConfigurationList;
			buildConfigurations = (
				94503D7C1D80208A00A28D05 /* Debug */,
				94503D7D1D80208A00A28D05 /* Release */,
			);
			defaultConfigurationIsVisible = 0;
			defaultConfigurationName = Release;
		};
		94503D7E1D80208A00A28D05 /* Build configuration list for PBXNativeTarget "eShieldDemoTests" */ = {
			isa = XCConfigurationList;
			buildConfigurations = (
				94503D7F1D80208A00A28D05 /* Debug */,
				94503D801D80208A00A28D05 /* Release */,
			);
			defaultConfigurationIsVisible = 0;
			defaultConfigurationName = Release;
		};
		94503D811D80208A00A28D05 /* Build configuration list for PBXNativeTarget "eShieldDemoUITests" */ = {
			isa = XCConfigurationList;
			buildConfigurations = (
				94503D821D80208A00A28D05 /* Debug */,
				94503D831D80208A00A28D05 /* Release */,
			);
			defaultConfigurationIsVisible = 0;
			defaultConfigurationName = Release;
		};
/* End XCConfigurationList section */
	};
	rootObject = 94503D461D80208A00A28D05 /* Project object */;
}
